
Microsoft Visual Studio Solution File, Format Version 12.00
# Visual Studio Version 17
VisualStudioVersion = 17.9.34701.34
MinimumVisualStudioVersion = 10.0.40219.1
Project("{FAE04EC0-301F-11D3-BF4B-00C04F79EFBC}") = "TestApp", "TestApp\TestApp.csproj", "{75517021-11AD-4A41-97D4-9EE9E6730FB3}"
EndProject
Project("{FAE04EC0-301F-11D3-BF4B-00C04F79EFBC}") = "CommandParser", "CommandParser\CommandParser.csproj", "{771A19DE-34DD-4C58-AD03-322CCDFD0E73}"
EndProject
Global
	GlobalSection(SolutionConfigurationPlatforms) = preSolution
		Debug|Any CPU = Debug|Any CPU
		Release|Any CPU = Release|Any CPU
	EndGlobalSection
	GlobalSection(ProjectConfigurationPlatforms) = postSolution
		{75517021-11AD-4A41-97D4-9EE9E6730FB3}.Debug|Any CPU.ActiveCfg = Debug|Any CPU
		{75517021-11AD-4A41-97D4-9EE9E6730FB3}.Debug|Any CPU.Build.0 = Debug|Any CPU
		{75517021-11AD-4A41-97D4-9EE9E6730FB3}.Release|Any CPU.ActiveCfg = Release|Any CPU
		{75517021-11AD-4A41-97D4-9EE9E6730FB3}.Release|Any CPU.Build.0 = Release|Any CPU
		{771A19DE-34DD-4C58-AD03-322CCDFD0E73}.Debug|Any CPU.ActiveCfg = Debug|Any CPU
		{771A19DE-34DD-4C58-AD03-322CCDFD0E73}.Debug|Any CPU.Build.0 = Debug|Any CPU
		{771A19DE-34DD-4C58-AD03-322CCDFD0E73}.Release|Any CPU.ActiveCfg = Release|Any CPU
		{771A19DE-34DD-4C58-AD03-322CCDFD0E73}.Release|Any CPU.Build.0 = Release|Any CPU
	EndGlobalSection
	GlobalSection(SolutionProperties) = preSolution
		HideSolutionNode = FALSE
	EndGlobalSection
	GlobalSection(ExtensibilityGlobals) = postSolution
		SolutionGuid = {48892C3B-5A17-4A94-A7D8-E7ABC2D0D076}
	EndGlobalSection
EndGlobal
